// !$*UTF8*$!
{
	archiveVersion = 1;
	classes = {
	};
	objectVersion = 56;
	objects = {

/* Begin PBXBuildFile section */
		31045B7D2985057200D1145B /* Model.xcdatamodeld in Sources */ = {isa = PBXBuildFile; fileRef = 31045B7B2985057200D1145B /* Model.xcdatamodeld */; };
		31CBCB9A2968F47A003F3556 /* Camera_GPTApp.swift in Sources */ = {isa = PBXBuildFile; fileRef = 31CBCB992968F47A003F3556 /* Camera_GPTApp.swift */; };
		31CBCB9C2968F47A003F3556 /* ContentView.swift in Sources */ = {isa = PBXBuildFile; fileRef = 31CBCB9B2968F47A003F3556 /* ContentView.swift */; };
		31CBCB9E2968F47C003F3556 /* Assets.xcassets in Resources */ = {isa = PBXBuildFile; fileRef = 31CBCB9D2968F47C003F3556 /* Assets.xcassets */; };
		31CBCBA12968F47C003F3556 /* Preview Assets.xcassets in Resources */ = {isa = PBXBuildFile; fileRef = 31CBCBA02968F47C003F3556 /* Preview Assets.xcassets */; };
		31CBCBA82968F4BC003F3556 /* HistoryView.swift in Sources */ = {isa = PBXBuildFile; fileRef = 31CBCBA72968F4BC003F3556 /* HistoryView.swift */; };
		31CBCBAC2968F58F003F3556 /* CameraView in Frameworks */ = {isa = PBXBuildFile; productRef = 31CBCBAB2968F58F003F3556 /* CameraView */; };
		31CBCBAF2968F8D4003F3556 /* ScanData.swift in Sources */ = {isa = PBXBuildFile; fileRef = 31CBCBAE2968F8D4003F3556 /* ScanData.swift */; };
		31CBCBB22968FADB003F3556 /* ScannerView.swift in Sources */ = {isa = PBXBuildFile; fileRef = 31CBCBB12968FADB003F3556 /* ScannerView.swift */; };
		31CBCBB42968FF15003F3556 /* TextRecognizer.swift in Sources */ = {isa = PBXBuildFile; fileRef = 31CBCBB32968FF15003F3556 /* TextRecognizer.swift */; };
		31CBCBB729691059003F3556 /* OpenAISwift in Frameworks */ = {isa = PBXBuildFile; productRef = 31CBCBB629691059003F3556 /* OpenAISwift */; };
		31CBCBBA29691152003F3556 /* CharGPTViewModel.swift in Sources */ = {isa = PBXBuildFile; fileRef = 31CBCBB929691152003F3556 /* CharGPTViewModel.swift */; };
		31CBCBBC29697022003F3556 /* HomeScreenView.swift in Sources */ = {isa = PBXBuildFile; fileRef = 31CBCBBB29697022003F3556 /* HomeScreenView.swift */; };
		31CBCBBE2977729C003F3556 /* ChatView.swift in Sources */ = {isa = PBXBuildFile; fileRef = 31CBCBBD2977729C003F3556 /* ChatView.swift */; };
		31CBCBC02977793A003F3556 /* MessageModel.swift in Sources */ = {isa = PBXBuildFile; fileRef = 31CBCBBF2977793A003F3556 /* MessageModel.swift */; };
/* End PBXBuildFile section */

/* Begin PBXFileReference section */
		31045B7C2985057200D1145B /* Model.xcdatamodel */ = {isa = PBXFileReference; lastKnownFileType = wrapper.xcdatamodel; path = Model.xcdatamodel; sourceTree = "<group>"; };
		31CBCB962968F47A003F3556 /* Camera GPT.app */ = {isa = PBXFileReference; explicitFileType = wrapper.application; includeInIndex = 0; path = "Camera GPT.app"; sourceTree = BUILT_PRODUCTS_DIR; };
		31CBCB992968F47A003F3556 /* Camera_GPTApp.swift */ = {isa = PBXFileReference; lastKnownFileType = sourcecode.swift; path = Camera_GPTApp.swift; sourceTree = "<group>"; };
		31CBCB9B2968F47A003F3556 /* ContentView.swift */ = {isa = PBXFileReference; lastKnownFileType = sourcecode.swift; path = ContentView.swift; sourceTree = "<group>"; };
		31CBCB9D2968F47C003F3556 /* Assets.xcassets */ = {isa = PBXFileReference; lastKnownFileType = folder.assetcatalog; path = Assets.xcassets; sourceTree = "<group>"; };
		31CBCBA02968F47C003F3556 /* Preview Assets.xcassets */ = {isa = PBXFileReference; lastKnownFileType = folder.assetcatalog; path = "Preview Assets.xcassets"; sourceTree = "<group>"; };
		31CBCBA72968F4BC003F3556 /* HistoryView.swift */ = {isa = PBXFileReference; lastKnownFileType = sourcecode.swift; path = HistoryView.swift; sourceTree = "<group>"; };
		31CBCBAE2968F8D4003F3556 /* ScanData.swift */ = {isa = PBXFileReference; lastKnownFileType = sourcecode.swift; path = ScanData.swift; sourceTree = "<group>"; };
		31CBCBB02968F99C003F3556 /* Camera-GPT-Info.plist */ = {isa = PBXFileReference; lastKnownFileType = text.plist; path = "Camera-GPT-Info.plist"; sourceTree = SOURCE_ROOT; };
		31CBCBB12968FADB003F3556 /* ScannerView.swift */ = {isa = PBXFileReference; lastKnownFileType = sourcecode.swift; path = ScannerView.swift; sourceTree = "<group>"; };
		31CBCBB32968FF15003F3556 /* TextRecognizer.swift */ = {isa = PBXFileReference; lastKnownFileType = sourcecode.swift; path = TextRecognizer.swift; sourceTree = "<group>"; };
		31CBCBB929691152003F3556 /* CharGPTViewModel.swift */ = {isa = PBXFileReference; lastKnownFileType = sourcecode.swift; path = CharGPTViewModel.swift; sourceTree = "<group>"; };
		31CBCBBB29697022003F3556 /* HomeScreenView.swift */ = {isa = PBXFileReference; lastKnownFileType = sourcecode.swift; path = HomeScreenView.swift; sourceTree = "<group>"; };
		31CBCBBD2977729C003F3556 /* ChatView.swift */ = {isa = PBXFileReference; lastKnownFileType = sourcecode.swift; path = ChatView.swift; sourceTree = "<group>"; };
		31CBCBBF2977793A003F3556 /* MessageModel.swift */ = {isa = PBXFileReference; lastKnownFileType = sourcecode.swift; path = MessageModel.swift; sourceTree = "<group>"; };
/* End PBXFileReference section */

/* Begin PBXFrameworksBuildPhase section */
		31CBCB932968F47A003F3556 /* Frameworks */ = {
			isa = PBXFrameworksBuildPhase;
			buildActionMask = 2147483647;
			files = (
				31CBCBB729691059003F3556 /* OpenAISwift in Frameworks */,
				31CBCBAC2968F58F003F3556 /* CameraView in Frameworks */,
			);
			runOnlyForDeploymentPostprocessing = 0;
		};
/* End PBXFrameworksBuildPhase section */

/* Begin PBXGroup section */
		31CBCB8D2968F47A003F3556 = {
			isa = PBXGroup;
			children = (
				31CBCB982968F47A003F3556 /* Camera GPT */,
				31CBCB972968F47A003F3556 /* Products */,
			);
			sourceTree = "<group>";
		};
		31CBCB972968F47A003F3556 /* Products */ = {
			isa = PBXGroup;
			children = (
				31CBCB962968F47A003F3556 /* Camera GPT.app */,
			);
			name = Products;
			sourceTree = "<group>";
		};
		31CBCB982968F47A003F3556 /* Camera GPT */ = {
			isa = PBXGroup;
			children = (
				31CBCBB02968F99C003F3556 /* Camera-GPT-Info.plist */,
				31CBCBAD2968F8BC003F3556 /* Models */,
				31CBCBA92968F4C4003F3556 /* Views */,
				31CBCB9B2968F47A003F3556 /* ContentView.swift */,
				31CBCB992968F47A003F3556 /* Camera_GPTApp.swift */,
				31CBCBB32968FF15003F3556 /* TextRecognizer.swift */,
				31CBCB9D2968F47C003F3556 /* Assets.xcassets */,
				31CBCB9F2968F47C003F3556 /* Preview Content */,
			);
			path = "Camera GPT";
			sourceTree = "<group>";
		};
		31CBCB9F2968F47C003F3556 /* Preview Content */ = {
			isa = PBXGroup;
			children = (
				31CBCBA02968F47C003F3556 /* Preview Assets.xcassets */,
			);
			path = "Preview Content";
			sourceTree = "<group>";
		};
		31CBCBA92968F4C4003F3556 /* Views */ = {
			isa = PBXGroup;
			children = (
				31CBCBBB29697022003F3556 /* HomeScreenView.swift */,
				31CBCBA72968F4BC003F3556 /* HistoryView.swift */,
				31CBCBB12968FADB003F3556 /* ScannerView.swift */,
				31CBCBBD2977729C003F3556 /* ChatView.swift */,
			);
			path = Views;
			sourceTree = "<group>";
		};
		31CBCBAD2968F8BC003F3556 /* Models */ = {
			isa = PBXGroup;
			children = (
				31045B7B2985057200D1145B /* Model.xcdatamodeld */,
				31CBCBAE2968F8D4003F3556 /* ScanData.swift */,
				31CBCBB929691152003F3556 /* CharGPTViewModel.swift */,
				31CBCBBF2977793A003F3556 /* MessageModel.swift */,
			);
			path = Models;
			sourceTree = "<group>";
		};
/* End PBXGroup section */

/* Begin PBXNativeTarget section */
		31CBCB952968F47A003F3556 /* Camera GPT */ = {
			isa = PBXNativeTarget;
			buildConfigurationList = 31CBCBA42968F47C003F3556 /* Build configuration list for PBXNativeTarget "Camera GPT" */;
			buildPhases = (
				31CBCB922968F47A003F3556 /* Sources */,
				31CBCB932968F47A003F3556 /* Frameworks */,
				31CBCB942968F47A003F3556 /* Resources */,
			);
			buildRules = (
			);
			dependencies = (
			);
			name = "Camera GPT";
			packageProductDependencies = (
				31CBCBAB2968F58F003F3556 /* CameraView */,
				31CBCBB629691059003F3556 /* OpenAISwift */,
			);
			productName = "Camera GPT";
			productReference = 31CBCB962968F47A003F3556 /* Camera GPT.app */;
			productType = "com.apple.product-type.application";
		};
/* End PBXNativeTarget section */

/* Begin PBXProject section */
		31CBCB8E2968F47A003F3556 /* Project object */ = {
			isa = PBXProject;
			attributes = {
				BuildIndependentTargetsInParallel = 1;
				LastSwiftUpdateCheck = 1420;
				LastUpgradeCheck = 1420;
				TargetAttributes = {
					31CBCB952968F47A003F3556 = {
						CreatedOnToolsVersion = 14.2;
					};
				};
			};
			buildConfigurationList = 31CBCB912968F47A003F3556 /* Build configuration list for PBXProject "Camera GPT" */;
			compatibilityVersion = "Xcode 14.0";
			developmentRegion = en;
			hasScannedForEncodings = 0;
			knownRegions = (
				en,
				Base,
			);
			mainGroup = 31CBCB8D2968F47A003F3556;
			packageReferences = (
				31CBCBAA2968F58F003F3556 /* XCRemoteSwiftPackageReference "CameraView" */,
				31CBCBB529691059003F3556 /* XCRemoteSwiftPackageReference "OpenAISwift" */,
			);
			productRefGroup = 31CBCB972968F47A003F3556 /* Products */;
			projectDirPath = "";
			projectRoot = "";
			targets = (
				31CBCB952968F47A003F3556 /* Camera GPT */,
			);
		};
/* End PBXProject section */

/* Begin PBXResourcesBuildPhase section */
		31CBCB942968F47A003F3556 /* Resources */ = {
			isa = PBXResourcesBuildPhase;
			buildActionMask = 2147483647;
			files = (
				31CBCBA12968F47C003F3556 /* Preview Assets.xcassets in Resources */,
				31CBCB9E2968F47C003F3556 /* Assets.xcassets in Resources */,
			);
			runOnlyForDeploymentPostprocessing = 0;
		};
/* End PBXResourcesBuildPhase section */

/* Begin PBXSourcesBuildPhase section */
		31CBCB922968F47A003F3556 /* Sources */ = {
			isa = PBXSourcesBuildPhase;
			buildActionMask = 2147483647;
			files = (
				31CBCBAF2968F8D4003F3556 /* ScanData.swift in Sources */,
				31CBCBBA29691152003F3556 /* CharGPTViewModel.swift in Sources */,
				31CBCBA82968F4BC003F3556 /* HistoryView.swift in Sources */,
				31CBCBBC29697022003F3556 /* HomeScreenView.swift in Sources */,
				31CBCBBE2977729C003F3556 /* ChatView.swift in Sources */,
				31CBCBC02977793A003F3556 /* MessageModel.swift in Sources */,
				31CBCB9C2968F47A003F3556 /* ContentView.swift in Sources */,
				31CBCB9A2968F47A003F3556 /* Camera_GPTApp.swift in Sources */,
				31CBCBB42968FF15003F3556 /* TextRecognizer.swift in Sources */,
				31045B7D2985057200D1145B /* Model.xcdatamodeld in Sources */,
				31CBCBB22968FADB003F3556 /* ScannerView.swift in Sources */,
			);
			runOnlyForDeploymentPostprocessing = 0;
		};
/* End PBXSourcesBuildPhase section */

/* Begin XCBuildConfiguration section */
		31CBCBA22968F47C003F3556 /* Debug */ = {
			isa = XCBuildConfiguration;
			buildSettings = {
				ALWAYS_SEARCH_USER_PATHS = NO;
				CLANG_ANALYZER_NONNULL = YES;
				CLANG_ANALYZER_NUMBER_OBJECT_CONVERSION = YES_AGGRESSIVE;
				CLANG_CXX_LANGUAGE_STANDARD = "gnu++20";
				CLANG_ENABLE_MODULES = YES;
				CLANG_ENABLE_OBJC_ARC = YES;
				CLANG_ENABLE_OBJC_WEAK = YES;
				CLANG_WARN_BLOCK_CAPTURE_AUTORELEASING = YES;
				CLANG_WARN_BOOL_CONVERSION = YES;
				CLANG_WARN_COMMA = YES;
				CLANG_WARN_CONSTANT_CONVERSION = YES;
				CLANG_WARN_DEPRECATED_OBJC_IMPLEMENTATIONS = YES;
				CLANG_WARN_DIRECT_OBJC_ISA_USAGE = YES_ERROR;
				CLANG_WARN_DOCUMENTATION_COMMENTS = YES;
				CLANG_WARN_EMPTY_BODY = YES;
				CLANG_WARN_ENUM_CONVERSION = YES;
				CLANG_WARN_INFINITE_RECURSION = YES;
				CLANG_WARN_INT_CONVERSION = YES;
				CLANG_WARN_NON_LITERAL_NULL_CONVERSION = YES;
				CLANG_WARN_OBJC_IMPLICIT_RETAIN_SELF = YES;
				CLANG_WARN_OBJC_LITERAL_CONVERSION = YES;
				CLANG_WARN_OBJC_ROOT_CLASS = YES_ERROR;
				CLANG_WARN_QUOTED_INCLUDE_IN_FRAMEWORK_HEADER = YES;
				CLANG_WARN_RANGE_LOOP_ANALYSIS = YES;
				CLANG_WARN_STRICT_PROTOTYPES = YES;
				CLANG_WARN_SUSPICIOUS_MOVE = YES;
				CLANG_WARN_UNGUARDED_AVAILABILITY = YES_AGGRESSIVE;
				CLANG_WARN_UNREACHABLE_CODE = YES;
				CLANG_WARN__DUPLICATE_METHOD_MATCH = YES;
				COPY_PHASE_STRIP = NO;
				DEBUG_INFORMATION_FORMAT = dwarf;
				ENABLE_STRICT_OBJC_MSGSEND = YES;
				ENABLE_TESTABILITY = YES;
				GCC_C_LANGUAGE_STANDARD = gnu11;
				GCC_DYNAMIC_NO_PIC = NO;
				GCC_NO_COMMON_BLOCKS = YES;
				GCC_OPTIMIZATION_LEVEL = 0;
				GCC_PREPROCESSOR_DEFINITIONS = (
					"DEBUG=1",
					"$(inherited)",
				);
				GCC_WARN_64_TO_32_BIT_CONVERSION = YES;
				GCC_WARN_ABOUT_RETURN_TYPE = YES_ERROR;
				GCC_WARN_UNDECLARED_SELECTOR = YES;
				GCC_WARN_UNINITIALIZED_AUTOS = YES_AGGRESSIVE;
				GCC_WARN_UNUSED_FUNCTION = YES;
				GCC_WARN_UNUSED_VARIABLE = YES;
				IPHONEOS_DEPLOYMENT_TARGET = 15.6;
				MTL_ENABLE_DEBUG_INFO = INCLUDE_SOURCE;
				MTL_FAST_MATH = YES;
				ONLY_ACTIVE_ARCH = YES;
				SDKROOT = iphoneos;
				SWIFT_ACTIVE_COMPILATION_CONDITIONS = DEBUG;
				SWIFT_OPTIMIZATION_LEVEL = "-Onone";
			};
			name = Debug;
		};
		31CBCBA32968F47C003F3556 /* Release */ = {
			isa = XCBuildConfiguration;
			buildSettings = {
				ALWAYS_SEARCH_USER_PATHS = NO;
				CLANG_ANALYZER_NONNULL = YES;
				CLANG_ANALYZER_NUMBER_OBJECT_CONVERSION = YES_AGGRESSIVE;
				CLANG_CXX_LANGUAGE_STANDARD = "gnu++20";
				CLANG_ENABLE_MODULES = YES;
				CLANG_ENABLE_OBJC_ARC = YES;
				CLANG_ENABLE_OBJC_WEAK = YES;
				CLANG_WARN_BLOCK_CAPTURE_AUTORELEASING = YES;
				CLANG_WARN_BOOL_CONVERSION = YES;
				CLANG_WARN_COMMA = YES;
				CLANG_WARN_CONSTANT_CONVERSION = YES;
				CLANG_WARN_DEPRECATED_OBJC_IMPLEMENTATIONS = YES;
				CLANG_WARN_DIRECT_OBJC_ISA_USAGE = YES_ERROR;
				CLANG_WARN_DOCUMENTATION_COMMENTS = YES;
				CLANG_WARN_EMPTY_BODY = YES;
				CLANG_WARN_ENUM_CONVERSION = YES;
				CLANG_WARN_INFINITE_RECURSION = YES;
				CLANG_WARN_INT_CONVERSION = YES;
				CLANG_WARN_NON_LITERAL_NULL_CONVERSION = YES;
				CLANG_WARN_OBJC_IMPLICIT_RETAIN_SELF = YES;
				CLANG_WARN_OBJC_LITERAL_CONVERSION = YES;
				CLANG_WARN_OBJC_ROOT_CLASS = YES_ERROR;
				CLANG_WARN_QUOTED_INCLUDE_IN_FRAMEWORK_HEADER = YES;
				CLANG_WARN_RANGE_LOOP_ANALYSIS = YES;
				CLANG_WARN_STRICT_PROTOTYPES = YES;
				CLANG_WARN_SUSPICIOUS_MOVE = YES;
				CLANG_WARN_UNGUARDED_AVAILABILITY = YES_AGGRESSIVE;
				CLANG_WARN_UNREACHABLE_CODE = YES;
				CLANG_WARN__DUPLICATE_METHOD_MATCH = YES;
				COPY_PHASE_STRIP = NO;
				DEBUG_INFORMATION_FORMAT = "dwarf-with-dsym";
				ENABLE_NS_ASSERTIONS = NO;
				ENABLE_STRICT_OBJC_MSGSEND = YES;
				GCC_C_LANGUAGE_STANDARD = gnu11;
				GCC_NO_COMMON_BLOCKS = YES;
				GCC_WARN_64_TO_32_BIT_CONVERSION = YES;
				GCC_WARN_ABOUT_RETURN_TYPE = YES_ERROR;
				GCC_WARN_UNDECLARED_SELECTOR = YES;
				GCC_WARN_UNINITIALIZED_AUTOS = YES_AGGRESSIVE;
				GCC_WARN_UNUSED_FUNCTION = YES;
				GCC_WARN_UNUSED_VARIABLE = YES;
				IPHONEOS_DEPLOYMENT_TARGET = 15.6;
				MTL_ENABLE_DEBUG_INFO = NO;
				MTL_FAST_MATH = YES;
				SDKROOT = iphoneos;
				SWIFT_COMPILATION_MODE = wholemodule;
				SWIFT_OPTIMIZATION_LEVEL = "-O";
				VALIDATE_PRODUCT = YES;
			};
			name = Release;
		};
		31CBCBA52968F47C003F3556 /* Debug */ = {
			isa = XCBuildConfiguration;
			buildSettings = {
				ASSETCATALOG_COMPILER_APPICON_NAME = AppIcon;
				ASSETCATALOG_COMPILER_GLOBAL_ACCENT_COLOR_NAME = AccentColor;
				CODE_SIGN_STYLE = Automatic;
				CURRENT_PROJECT_VERSION = 1;
				DEVELOPMENT_ASSET_PATHS = "\"Camera GPT/Preview Content\"";
				DEVELOPMENT_TEAM = 265P8798N4;
				ENABLE_PREVIEWS = YES;
				GENERATE_INFOPLIST_FILE = YES;
				INFOPLIST_FILE = "Camera-GPT-Info.plist";
				INFOPLIST_KEY_NSCameraUsageDescription = "$(PRODUCT_NAME) requires permission to scan files";
				INFOPLIST_KEY_UIApplicationSceneManifest_Generation = YES;
				INFOPLIST_KEY_UIApplicationSupportsIndirectInputEvents = YES;
				INFOPLIST_KEY_UILaunchScreen_Generation = YES;
				INFOPLIST_KEY_UISupportedInterfaceOrientations_iPad = "UIInterfaceOrientationPortrait UIInterfaceOrientationPortraitUpsideDown UIInterfaceOrientationLandscapeLeft UIInterfaceOrientationLandscapeRight";
				INFOPLIST_KEY_UISupportedInterfaceOrientations_iPhone = "UIInterfaceOrientationPortrait UIInterfaceOrientationLandscapeLeft UIInterfaceOrientationLandscapeRight";
				LD_RUNPATH_SEARCH_PATHS = (
					"$(inherited)",
					"@executable_path/Frameworks",
				);
				MARKETING_VERSION = 1.0;
				PRODUCT_BUNDLE_IDENTIFIER = "KojiroTsugaru.Camera-GPT";
				PRODUCT_NAME = "$(TARGET_NAME)";
				SWIFT_EMIT_LOC_STRINGS = YES;
				SWIFT_VERSION = 5.0;
				TARGETED_DEVICE_FAMILY = "1,2";
			};
			name = Debug;
		};
		31CBCBA62968F47C003F3556 /* Release */ = {
			isa = XCBuildConfiguration;
			buildSettings = {
				ASSETCATALOG_COMPILER_APPICON_NAME = AppIcon;
				ASSETCATALOG_COMPILER_GLOBAL_ACCENT_COLOR_NAME = AccentColor;
				CODE_SIGN_STYLE = Automatic;
				CURRENT_PROJECT_VERSION = 1;
				DEVELOPMENT_ASSET_PATHS = "\"Camera GPT/Preview Content\"";
				DEVELOPMENT_TEAM = 265P8798N4;
				ENABLE_PREVIEWS = YES;
				GENERATE_INFOPLIST_FILE = YES;
				INFOPLIST_FILE = "Camera-GPT-Info.plist";
				INFOPLIST_KEY_NSCameraUsageDescription = "$(PRODUCT_NAME) requires permission to scan files";
				INFOPLIST_KEY_UIApplicationSceneManifest_Generation = YES;
				INFOPLIST_KEY_UIApplicationSupportsIndirectInputEvents = YES;
				INFOPLIST_KEY_UILaunchScreen_Generation = YES;
				INFOPLIST_KEY_UISupportedInterfaceOrientations_iPad = "UIInterfaceOrientationPortrait UIInterfaceOrientationPortraitUpsideDown UIInterfaceOrientationLandscapeLeft UIInterfaceOrientationLandscapeRight";
				INFOPLIST_KEY_UISupportedInterfaceOrientations_iPhone = "UIInterfaceOrientationPortrait UIInterfaceOrientationLandscapeLeft UIInterfaceOrientationLandscapeRight";
				LD_RUNPATH_SEARCH_PATHS = (
					"$(inherited)",
					"@executable_path/Frameworks",
				);
				MARKETING_VERSION = 1.0;
				PRODUCT_BUNDLE_IDENTIFIER = "KojiroTsugaru.Camera-GPT";
				PRODUCT_NAME = "$(TARGET_NAME)";
				SWIFT_EMIT_LOC_STRINGS = YES;
				SWIFT_VERSION = 5.0;
				TARGETED_DEVICE_FAMILY = "1,2";
			};
			name = Release;
		};
/* End XCBuildConfiguration section */

/* Begin XCConfigurationList section */
		31CBCB912968F47A003F3556 /* Build configuration list for PBXProject "Camera GPT" */ = {
			isa = XCConfigurationList;
			buildConfigurations = (
				31CBCBA22968F47C003F3556 /* Debug */,
				31CBCBA32968F47C003F3556 /* Release */,
			);
			defaultConfigurationIsVisible = 0;
			defaultConfigurationName = Release;
		};
		31CBCBA42968F47C003F3556 /* Build configuration list for PBXNativeTarget "Camera GPT" */ = {
			isa = XCConfigurationList;
			buildConfigurations = (
				31CBCBA52968F47C003F3556 /* Debug */,
				31CBCBA62968F47C003F3556 /* Release */,
			);
			defaultConfigurationIsVisible = 0;
			defaultConfigurationName = Release;
		};
/* End XCConfigurationList section */

/* Begin XCRemoteSwiftPackageReference section */
		31CBCBAA2968F58F003F3556 /* XCRemoteSwiftPackageReference "CameraView" */ = {
			isa = XCRemoteSwiftPackageReference;
			repositoryURL = "https://github.com/brettfazio/CameraView";
			requirement = {
				kind = upToNextMajorVersion;
				minimumVersion = 0.0.1;
			};
		};
		31CBCBB529691059003F3556 /* XCRemoteSwiftPackageReference "OpenAISwift" */ = {
			isa = XCRemoteSwiftPackageReference;
			repositoryURL = "https://github.com/adamrushy/OpenAISwift";
			requirement = {
				kind = upToNextMajorVersion;
				minimumVersion = 1.0.0;
			};
		};
/* End XCRemoteSwiftPackageReference section */

/* Begin XCSwiftPackageProductDependency section */
		31CBCBAB2968F58F003F3556 /* CameraView */ = {
			isa = XCSwiftPackageProductDependency;
			package = 31CBCBAA2968F58F003F3556 /* XCRemoteSwiftPackageReference "CameraView" */;
			productName = CameraView;
		};
		31CBCBB629691059003F3556 /* OpenAISwift */ = {
			isa = XCSwiftPackageProductDependency;
			package = 31CBCBB529691059003F3556 /* XCRemoteSwiftPackageReference "OpenAISwift" */;
			productName = OpenAISwift;
		};
/* End XCSwiftPackageProductDependency section */

/* Begin XCVersionGroup section */
		31045B7B2985057200D1145B /* Model.xcdatamodeld */ = {
			isa = XCVersionGroup;
			children = (
				31045B7C2985057200D1145B /* Model.xcdatamodel */,
			);
			currentVersion = 31045B7C2985057200D1145B /* Model.xcdatamodel */;
			path = Model.xcdatamodeld;
			sourceTree = "<group>";
			versionGroupType = wrapper.xcdatamodel;
		};
/* End XCVersionGroup section */
	};
	rootObject = 31CBCB8E2968F47A003F3556 /* Project object */;
}
